
Microsoft Visual Studio Solution File, Format Version 12.00
# Visual Studio 2013
VisualStudioVersion = 12.0.40629.0
MinimumVisualStudioVersion = 10.0.40219.1
Project("{FAE04EC0-301F-11D3-BF4B-00C04F79EFBC}") = "Interview.Console", "Interview\Interview.Console.csproj", "{77908B37-A6B4-4C50-A3CC-26ADA23763DB}"
EndProject
Project("{FAE04EC0-301F-11D3-BF4B-00C04F79EFBC}") = "Interview.Service", "Interview.Service\Interview.Service.csproj", "{D516095B-1901-4909-AA51-8B41B8EA6D80}"
EndProject
Project("{FAE04EC0-301F-11D3-BF4B-00C04F79EFBC}") = "Interview.WebServiceAccess", "Interview.WebServiceAccess\Interview.WebServiceAccess.csproj", "{147169A1-C258-40DC-8BDC-5AEBEBE1D519}"
EndProject
Global
	GlobalSection(SolutionConfigurationPlatforms) = preSolution
		Debug|Any CPU = Debug|Any CPU
		Release|Any CPU = Release|Any CPU
	EndGlobalSection
	GlobalSection(ProjectConfigurationPlatforms) = postSolution
		{77908B37-A6B4-4C50-A3CC-26ADA23763DB}.Debug|Any CPU.ActiveCfg = Debug|Any CPU
		{77908B37-A6B4-4C50-A3CC-26ADA23763DB}.Debug|Any CPU.Build.0 = Debug|Any CPU
		{77908B37-A6B4-4C50-A3CC-26ADA23763DB}.Release|Any CPU.ActiveCfg = Release|Any CPU
		{77908B37-A6B4-4C50-A3CC-26ADA23763DB}.Release|Any CPU.Build.0 = Release|Any CPU
		{D516095B-1901-4909-AA51-8B41B8EA6D80}.Debug|Any CPU.ActiveCfg = Debug|Any CPU
		{D516095B-1901-4909-AA51-8B41B8EA6D80}.Debug|Any CPU.Build.0 = Debug|Any CPU
		{D516095B-1901-4909-AA51-8B41B8EA6D80}.Release|Any CPU.ActiveCfg = Release|Any CPU
		{D516095B-1901-4909-AA51-8B41B8EA6D80}.Release|Any CPU.Build.0 = Release|Any CPU
		{147169A1-C258-40DC-8BDC-5AEBEBE1D519}.Debug|Any CPU.ActiveCfg = Debug|Any CPU
		{147169A1-C258-40DC-8BDC-5AEBEBE1D519}.Debug|Any CPU.Build.0 = Debug|Any CPU
		{147169A1-C258-40DC-8BDC-5AEBEBE1D519}.Release|Any CPU.ActiveCfg = Release|Any CPU
		{147169A1-C258-40DC-8BDC-5AEBEBE1D519}.Release|Any CPU.Build.0 = Release|Any CPU
	EndGlobalSection
	GlobalSection(SolutionProperties) = preSolution
		HideSolutionNode = FALSE
	EndGlobalSection
EndGlobal
